
Microsoft Visual Studio Solution File, Format Version 12.00
Project("{FAE04EC0-301F-11D3-BF4B-00C04F79EFBC}") = "VotingApp", "VotingApp\VotingApp.csproj", "{B3EF422D-395C-4B50-9682-76AC88D94951}"
EndProject
Global
	GlobalSection(SolutionConfigurationPlatforms) = preSolution
		Debug|Any CPU = Debug|Any CPU
		Release|Any CPU = Release|Any CPU
	EndGlobalSection
	GlobalSection(ProjectConfigurationPlatforms) = postSolution
		{B3EF422D-395C-4B50-9682-76AC88D94951}.Debug|Any CPU.ActiveCfg = Debug|Any CPU
		{B3EF422D-395C-4B50-9682-76AC88D94951}.Debug|Any CPU.Build.0 = Debug|Any CPU
		{B3EF422D-395C-4B50-9682-76AC88D94951}.Release|Any CPU.ActiveCfg = Release|Any CPU
		{B3EF422D-395C-4B50-9682-76AC88D94951}.Release|Any CPU.Build.0 = Release|Any CPU
	EndGlobalSection
EndGlobal
